// !$*UTF8*$!
{
	archiveVersion = 1;
	classes = {
	};
	objectVersion = 56;
	objects = {

/* Begin PBXBuildFile section */
		0737401D2999900D004F1FBF /* Job.swift in Sources */ = {isa = PBXBuildFile; fileRef = 0737401C2999900D004F1FBF /* Job.swift */; };
		0737401F29999208004F1FBF /* JobBrain.swift in Sources */ = {isa = PBXBuildFile; fileRef = 0737401E29999208004F1FBF /* JobBrain.swift */; };
		07DBC03B2996950A00B42394 /* AppDelegate.swift in Sources */ = {isa = PBXBuildFile; fileRef = 07DBC03A2996950A00B42394 /* AppDelegate.swift */; };
		07DBC03D2996950A00B42394 /* SceneDelegate.swift in Sources */ = {isa = PBXBuildFile; fileRef = 07DBC03C2996950A00B42394 /* SceneDelegate.swift */; };
		07DBC03F2996950A00B42394 /* ViewController.swift in Sources */ = {isa = PBXBuildFile; fileRef = 07DBC03E2996950A00B42394 /* ViewController.swift */; };
		07DBC0422996950A00B42394 /* Main.storyboard in Resources */ = {isa = PBXBuildFile; fileRef = 07DBC0402996950A00B42394 /* Main.storyboard */; };
		07DBC0442996950B00B42394 /* Assets.xcassets in Resources */ = {isa = PBXBuildFile; fileRef = 07DBC0432996950B00B42394 /* Assets.xcassets */; };
		07DBC0472996950B00B42394 /* LaunchScreen.storyboard in Resources */ = {isa = PBXBuildFile; fileRef = 07DBC0452996950B00B42394 /* LaunchScreen.storyboard */; };
		2003E5C1299E6F4400BE09B5 /* jobsTableVC.swift in Sources */ = {isa = PBXBuildFile; fileRef = 2003E5C0299E6F4400BE09B5 /* jobsTableVC.swift */; };
		20897447299E957F00350F14 /* jobTableViewCell.swift in Sources */ = {isa = PBXBuildFile; fileRef = 20897446299E957F00350F14 /* jobTableViewCell.swift */; };
/* End PBXBuildFile section */

/* Begin PBXFileReference section */
		0737401C2999900D004F1FBF /* Job.swift */ = {isa = PBXFileReference; lastKnownFileType = sourcecode.swift; path = Job.swift; sourceTree = "<group>"; };
		0737401E29999208004F1FBF /* JobBrain.swift */ = {isa = PBXFileReference; lastKnownFileType = sourcecode.swift; path = JobBrain.swift; sourceTree = "<group>"; };
		07DBC0372996950A00B42394 /* JobFinder.app */ = {isa = PBXFileReference; explicitFileType = wrapper.application; includeInIndex = 0; path = JobFinder.app; sourceTree = BUILT_PRODUCTS_DIR; };
		07DBC03A2996950A00B42394 /* AppDelegate.swift */ = {isa = PBXFileReference; lastKnownFileType = sourcecode.swift; path = AppDelegate.swift; sourceTree = "<group>"; };
		07DBC03C2996950A00B42394 /* SceneDelegate.swift */ = {isa = PBXFileReference; lastKnownFileType = sourcecode.swift; path = SceneDelegate.swift; sourceTree = "<group>"; };
		07DBC03E2996950A00B42394 /* ViewController.swift */ = {isa = PBXFileReference; lastKnownFileType = sourcecode.swift; path = ViewController.swift; sourceTree = "<group>"; };
		07DBC0412996950A00B42394 /* Base */ = {isa = PBXFileReference; lastKnownFileType = file.storyboard; name = Base; path = Base.lproj/Main.storyboard; sourceTree = "<group>"; };
		07DBC0432996950B00B42394 /* Assets.xcassets */ = {isa = PBXFileReference; lastKnownFileType = folder.assetcatalog; path = Assets.xcassets; sourceTree = "<group>"; };
		07DBC0462996950B00B42394 /* Base */ = {isa = PBXFileReference; lastKnownFileType = file.storyboard; name = Base; path = Base.lproj/LaunchScreen.storyboard; sourceTree = "<group>"; };
		07DBC0482996950B00B42394 /* Info.plist */ = {isa = PBXFileReference; lastKnownFileType = text.plist.xml; path = Info.plist; sourceTree = "<group>"; };
		2003E5C0299E6F4400BE09B5 /* jobsTableVC.swift */ = {isa = PBXFileReference; lastKnownFileType = sourcecode.swift; path = jobsTableVC.swift; sourceTree = "<group>"; };
		20897446299E957F00350F14 /* jobTableViewCell.swift */ = {isa = PBXFileReference; lastKnownFileType = sourcecode.swift; path = jobTableViewCell.swift; sourceTree = "<group>"; };
/* End PBXFileReference section */

/* Begin PBXFrameworksBuildPhase section */
		07DBC0342996950A00B42394 /* Frameworks */ = {
			isa = PBXFrameworksBuildPhase;
			buildActionMask = 2147483647;
			files = (
			);
			runOnlyForDeploymentPostprocessing = 0;
		};
/* End PBXFrameworksBuildPhase section */

/* Begin PBXGroup section */
		07DBC02E2996950A00B42394 = {
			isa = PBXGroup;
			children = (
				07DBC0392996950A00B42394 /* JobFinder */,
				07DBC0382996950A00B42394 /* Products */,
			);
			sourceTree = "<group>";
		};
		07DBC0382996950A00B42394 /* Products */ = {
			isa = PBXGroup;
			children = (
				07DBC0372996950A00B42394 /* JobFinder.app */,
			);
			name = Products;
			sourceTree = "<group>";
		};
		07DBC0392996950A00B42394 /* JobFinder */ = {
			isa = PBXGroup;
			children = (
				07DBC03A2996950A00B42394 /* AppDelegate.swift */,
				07DBC03C2996950A00B42394 /* SceneDelegate.swift */,
				07DBC05029969F1D00B42394 /* Model */,
				07DBC04F29969F1000B42394 /* Controller */,
				07DBC04E29969EF100B42394 /* View */,
				07DBC0432996950B00B42394 /* Assets.xcassets */,
				07DBC0452996950B00B42394 /* LaunchScreen.storyboard */,
				07DBC0482996950B00B42394 /* Info.plist */,
			);
			path = JobFinder;
			sourceTree = "<group>";
		};
		07DBC04E29969EF100B42394 /* View */ = {
			isa = PBXGroup;
			children = (
				07DBC0402996950A00B42394 /* Main.storyboard */,
			);
			path = View;
			sourceTree = "<group>";
		};
		07DBC04F29969F1000B42394 /* Controller */ = {
			isa = PBXGroup;
			children = (
				07DBC03E2996950A00B42394 /* ViewController.swift */,
				2003E5C0299E6F4400BE09B5 /* jobsTableVC.swift */,
				20897446299E957F00350F14 /* jobTableViewCell.swift */,
			);
			path = Controller;
			sourceTree = "<group>";
		};
		07DBC05029969F1D00B42394 /* Model */ = {
			isa = PBXGroup;
			children = (
				0737401C2999900D004F1FBF /* Job.swift */,
				0737401E29999208004F1FBF /* JobBrain.swift */,
			);
			path = Model;
			sourceTree = "<group>";
		};
/* End PBXGroup section */

/* Begin PBXNativeTarget section */
		07DBC0362996950A00B42394 /* JobFinder */ = {
			isa = PBXNativeTarget;
			buildConfigurationList = 07DBC04B2996950B00B42394 /* Build configuration list for PBXNativeTarget "JobFinder" */;
			buildPhases = (
				07DBC0332996950A00B42394 /* Sources */,
				07DBC0342996950A00B42394 /* Frameworks */,
				07DBC0352996950A00B42394 /* Resources */,
			);
			buildRules = (
			);
			dependencies = (
			);
			name = JobFinder;
			productName = JobFinder;
			productReference = 07DBC0372996950A00B42394 /* JobFinder.app */;
			productType = "com.apple.product-type.application";
		};
/* End PBXNativeTarget section */

/* Begin PBXProject section */
		07DBC02F2996950A00B42394 /* Project object */ = {
			isa = PBXProject;
			attributes = {
				BuildIndependentTargetsInParallel = 1;
				LastSwiftUpdateCheck = 1420;
				LastUpgradeCheck = 1420;
				TargetAttributes = {
					07DBC0362996950A00B42394 = {
						CreatedOnToolsVersion = 14.2;
					};
				};
			};
			buildConfigurationList = 07DBC0322996950A00B42394 /* Build configuration list for PBXProject "JobFinder" */;
			compatibilityVersion = "Xcode 14.0";
			developmentRegion = en;
			hasScannedForEncodings = 0;
			knownRegions = (
				en,
				Base,
			);
			mainGroup = 07DBC02E2996950A00B42394;
			productRefGroup = 07DBC0382996950A00B42394 /* Products */;
			projectDirPath = "";
			projectRoot = "";
			targets = (
				07DBC0362996950A00B42394 /* JobFinder */,
			);
		};
/* End PBXProject section */

/* Begin PBXResourcesBuildPhase section */
		07DBC0352996950A00B42394 /* Resources */ = {
			isa = PBXResourcesBuildPhase;
			buildActionMask = 2147483647;
			files = (
				07DBC0472996950B00B42394 /* LaunchScreen.storyboard in Resources */,
				07DBC0442996950B00B42394 /* Assets.xcassets in Resources */,
				07DBC0422996950A00B42394 /* Main.storyboard in Resources */,
			);
			runOnlyForDeploymentPostprocessing = 0;
		};
/* End PBXResourcesBuildPhase section */

/* Begin PBXSourcesBuildPhase section */
		07DBC0332996950A00B42394 /* Sources */ = {
			isa = PBXSourcesBuildPhase;
			buildActionMask = 2147483647;
			files = (
				07DBC03F2996950A00B42394 /* ViewController.swift in Sources */,
				2003E5C1299E6F4400BE09B5 /* jobsTableVC.swift in Sources */,
				20897447299E957F00350F14 /* jobTableViewCell.swift in Sources */,
				07DBC03B2996950A00B42394 /* AppDelegate.swift in Sources */,
				07DBC03D2996950A00B42394 /* SceneDelegate.swift in Sources */,
				0737401D2999900D004F1FBF /* Job.swift in Sources */,
				0737401F29999208004F1FBF /* JobBrain.swift in Sources */,
			);
			runOnlyForDeploymentPostprocessing = 0;
		};
/* End PBXSourcesBuildPhase section */

/* Begin PBXVariantGroup section */
		07DBC0402996950A00B42394 /* Main.storyboard */ = {
			isa = PBXVariantGroup;
			children = (
				07DBC0412996950A00B42394 /* Base */,
			);
			name = Main.storyboard;
			sourceTree = "<group>";
		};
		07DBC0452996950B00B42394 /* LaunchScreen.storyboard */ = {
			isa = PBXVariantGroup;
			children = (
				07DBC0462996950B00B42394 /* Base */,
			);
			name = LaunchScreen.storyboard;
			sourceTree = "<group>";
		};
/* End PBXVariantGroup section */

/* Begin XCBuildConfiguration section */
		07DBC0492996950B00B42394 /* Debug */ = {
			isa = XCBuildConfiguration;
			buildSettings = {
				ALWAYS_SEARCH_USER_PATHS = NO;
				CLANG_ANALYZER_NONNULL = YES;
				CLANG_ANALYZER_NUMBER_OBJECT_CONVERSION = YES_AGGRESSIVE;
				CLANG_CXX_LANGUAGE_STANDARD = "gnu++20";
				CLANG_ENABLE_MODULES = YES;
				CLANG_ENABLE_OBJC_ARC = YES;
				CLANG_ENABLE_OBJC_WEAK = YES;
				CLANG_WARN_BLOCK_CAPTURE_AUTORELEASING = YES;
				CLANG_WARN_BOOL_CONVERSION = YES;
				CLANG_WARN_COMMA = YES;
				CLANG_WARN_CONSTANT_CONVERSION = YES;
				CLANG_WARN_DEPRECATED_OBJC_IMPLEMENTATIONS = YES;
				CLANG_WARN_DIRECT_OBJC_ISA_USAGE = YES_ERROR;
				CLANG_WARN_DOCUMENTATION_COMMENTS = YES;
				CLANG_WARN_EMPTY_BODY = YES;
				CLANG_WARN_ENUM_CONVERSION = YES;
				CLANG_WARN_INFINITE_RECURSION = YES;
				CLANG_WARN_INT_CONVERSION = YES;
				CLANG_WARN_NON_LITERAL_NULL_CONVERSION = YES;
				CLANG_WARN_OBJC_IMPLICIT_RETAIN_SELF = YES;
				CLANG_WARN_OBJC_LITERAL_CONVERSION = YES;
				CLANG_WARN_OBJC_ROOT_CLASS = YES_ERROR;
				CLANG_WARN_QUOTED_INCLUDE_IN_FRAMEWORK_HEADER = YES;
				CLANG_WARN_RANGE_LOOP_ANALYSIS = YES;
				CLANG_WARN_STRICT_PROTOTYPES = YES;
				CLANG_WARN_SUSPICIOUS_MOVE = YES;
				CLANG_WARN_UNGUARDED_AVAILABILITY = YES_AGGRESSIVE;
				CLANG_WARN_UNREACHABLE_CODE = YES;
				CLANG_WARN__DUPLICATE_METHOD_MATCH = YES;
				COPY_PHASE_STRIP = NO;
				DEBUG_INFORMATION_FORMAT = dwarf;
				ENABLE_STRICT_OBJC_MSGSEND = YES;
				ENABLE_TESTABILITY = YES;
				GCC_C_LANGUAGE_STANDARD = gnu11;
				GCC_DYNAMIC_NO_PIC = NO;
				GCC_NO_COMMON_BLOCKS = YES;
				GCC_OPTIMIZATION_LEVEL = 0;
				GCC_PREPROCESSOR_DEFINITIONS = (
					"DEBUG=1",
					"$(inherited)",
				);
				GCC_WARN_64_TO_32_BIT_CONVERSION = YES;
				GCC_WARN_ABOUT_RETURN_TYPE = YES_ERROR;
				GCC_WARN_UNDECLARED_SELECTOR = YES;
				GCC_WARN_UNINITIALIZED_AUTOS = YES_AGGRESSIVE;
				GCC_WARN_UNUSED_FUNCTION = YES;
				GCC_WARN_UNUSED_VARIABLE = YES;
				IPHONEOS_DEPLOYMENT_TARGET = 16.2;
				MTL_ENABLE_DEBUG_INFO = INCLUDE_SOURCE;
				MTL_FAST_MATH = YES;
				ONLY_ACTIVE_ARCH = YES;
				SDKROOT = iphoneos;
				SWIFT_ACTIVE_COMPILATION_CONDITIONS = DEBUG;
				SWIFT_OPTIMIZATION_LEVEL = "-Onone";
			};
			name = Debug;
		};
		07DBC04A2996950B00B42394 /* Release */ = {
			isa = XCBuildConfiguration;
			buildSettings = {
				ALWAYS_SEARCH_USER_PATHS = NO;
				CLANG_ANALYZER_NONNULL = YES;
				CLANG_ANALYZER_NUMBER_OBJECT_CONVERSION = YES_AGGRESSIVE;
				CLANG_CXX_LANGUAGE_STANDARD = "gnu++20";
				CLANG_ENABLE_MODULES = YES;
				CLANG_ENABLE_OBJC_ARC = YES;
				CLANG_ENABLE_OBJC_WEAK = YES;
				CLANG_WARN_BLOCK_CAPTURE_AUTORELEASING = YES;
				CLANG_WARN_BOOL_CONVERSION = YES;
				CLANG_WARN_COMMA = YES;
				CLANG_WARN_CONSTANT_CONVERSION = YES;
				CLANG_WARN_DEPRECATED_OBJC_IMPLEMENTATIONS = YES;
				CLANG_WARN_DIRECT_OBJC_ISA_USAGE = YES_ERROR;
				CLANG_WARN_DOCUMENTATION_COMMENTS = YES;
				CLANG_WARN_EMPTY_BODY = YES;
				CLANG_WARN_ENUM_CONVERSION = YES;
				CLANG_WARN_INFINITE_RECURSION = YES;
				CLANG_WARN_INT_CONVERSION = YES;
				CLANG_WARN_NON_LITERAL_NULL_CONVERSION = YES;
				CLANG_WARN_OBJC_IMPLICIT_RETAIN_SELF = YES;
				CLANG_WARN_OBJC_LITERAL_CONVERSION = YES;
				CLANG_WARN_OBJC_ROOT_CLASS = YES_ERROR;
				CLANG_WARN_QUOTED_INCLUDE_IN_FRAMEWORK_HEADER = YES;
				CLANG_WARN_RANGE_LOOP_ANALYSIS = YES;
				CLANG_WARN_STRICT_PROTOTYPES = YES;
				CLANG_WARN_SUSPICIOUS_MOVE = YES;
				CLANG_WARN_UNGUARDED_AVAILABILITY = YES_AGGRESSIVE;
				CLANG_WARN_UNREACHABLE_CODE = YES;
				CLANG_WARN__DUPLICATE_METHOD_MATCH = YES;
				COPY_PHASE_STRIP = NO;
				DEBUG_INFORMATION_FORMAT = "dwarf-with-dsym";
				ENABLE_NS_ASSERTIONS = NO;
				ENABLE_STRICT_OBJC_MSGSEND = YES;
				GCC_C_LANGUAGE_STANDARD = gnu11;
				GCC_NO_COMMON_BLOCKS = YES;
				GCC_WARN_64_TO_32_BIT_CONVERSION = YES;
				GCC_WARN_ABOUT_RETURN_TYPE = YES_ERROR;
				GCC_WARN_UNDECLARED_SELECTOR = YES;
				GCC_WARN_UNINITIALIZED_AUTOS = YES_AGGRESSIVE;
				GCC_WARN_UNUSED_FUNCTION = YES;
				GCC_WARN_UNUSED_VARIABLE = YES;
				IPHONEOS_DEPLOYMENT_TARGET = 16.2;
				MTL_ENABLE_DEBUG_INFO = NO;
				MTL_FAST_MATH = YES;
				SDKROOT = iphoneos;
				SWIFT_COMPILATION_MODE = wholemodule;
				SWIFT_OPTIMIZATION_LEVEL = "-O";
				VALIDATE_PRODUCT = YES;
			};
			name = Release;
		};
		07DBC04C2996950B00B42394 /* Debug */ = {
			isa = XCBuildConfiguration;
			buildSettings = {
				ASSETCATALOG_COMPILER_APPICON_NAME = AppIcon;
				ASSETCATALOG_COMPILER_GLOBAL_ACCENT_COLOR_NAME = AccentColor;
				CODE_SIGN_STYLE = Automatic;
				CURRENT_PROJECT_VERSION = 1;
				DEVELOPMENT_TEAM = 7GWRR7JP7Z;
				GENERATE_INFOPLIST_FILE = YES;
				INFOPLIST_FILE = JobFinder/Info.plist;
				INFOPLIST_KEY_UIApplicationSupportsIndirectInputEvents = YES;
				INFOPLIST_KEY_UILaunchStoryboardName = LaunchScreen;
				INFOPLIST_KEY_UIMainStoryboardFile = Main;
				INFOPLIST_KEY_UISupportedInterfaceOrientations = "UIInterfaceOrientationLandscapeLeft UIInterfaceOrientationLandscapeRight UIInterfaceOrientationPortrait UIInterfaceOrientationPortraitUpsideDown";
				IPHONEOS_DEPLOYMENT_TARGET = 15.6;
				LD_RUNPATH_SEARCH_PATHS = (
					"$(inherited)",
					"@executable_path/Frameworks",
				);
				MARKETING_VERSION = 1.0;
				PRODUCT_BUNDLE_IDENTIFIER = com.team.JobFinder;
				PRODUCT_NAME = "$(TARGET_NAME)";
				SWIFT_EMIT_LOC_STRINGS = YES;
				SWIFT_VERSION = 5.0;
				TARGETED_DEVICE_FAMILY = "1,2";
			};
			name = Debug;
		};
		07DBC04D2996950B00B42394 /* Release */ = {
			isa = XCBuildConfiguration;
			buildSettings = {
				ASSETCATALOG_COMPILER_APPICON_NAME = AppIcon;
				ASSETCATALOG_COMPILER_GLOBAL_ACCENT_COLOR_NAME = AccentColor;
				CODE_SIGN_STYLE = Automatic;
				CURRENT_PROJECT_VERSION = 1;
				DEVELOPMENT_TEAM = 7GWRR7JP7Z;
				GENERATE_INFOPLIST_FILE = YES;
				INFOPLIST_FILE = JobFinder/Info.plist;
				INFOPLIST_KEY_UIApplicationSupportsIndirectInputEvents = YES;
				INFOPLIST_KEY_UILaunchStoryboardName = LaunchScreen;
				INFOPLIST_KEY_UIMainStoryboardFile = Main;
				INFOPLIST_KEY_UISupportedInterfaceOrientations = "UIInterfaceOrientationLandscapeLeft UIInterfaceOrientationLandscapeRight UIInterfaceOrientationPortrait UIInterfaceOrientationPortraitUpsideDown";
				IPHONEOS_DEPLOYMENT_TARGET = 15.6;
				LD_RUNPATH_SEARCH_PATHS = (
					"$(inherited)",
					"@executable_path/Frameworks",
				);
				MARKETING_VERSION = 1.0;
				PRODUCT_BUNDLE_IDENTIFIER = com.team.JobFinder;
				PRODUCT_NAME = "$(TARGET_NAME)";
				SWIFT_EMIT_LOC_STRINGS = YES;
				SWIFT_VERSION = 5.0;
				TARGETED_DEVICE_FAMILY = "1,2";
			};
			name = Release;
		};
/* End XCBuildConfiguration section */

/* Begin XCConfigurationList section */
		07DBC0322996950A00B42394 /* Build configuration list for PBXProject "JobFinder" */ = {
			isa = XCConfigurationList;
			buildConfigurations = (
				07DBC0492996950B00B42394 /* Debug */,
				07DBC04A2996950B00B42394 /* Release */,
			);
			defaultConfigurationIsVisible = 0;
			defaultConfigurationName = Release;
		};
		07DBC04B2996950B00B42394 /* Build configuration list for PBXNativeTarget "JobFinder" */ = {
			isa = XCConfigurationList;
			buildConfigurations = (
				07DBC04C2996950B00B42394 /* Debug */,
				07DBC04D2996950B00B42394 /* Release */,
			);
			defaultConfigurationIsVisible = 0;
			defaultConfigurationName = Release;
		};
/* End XCConfigurationList section */
	};
	rootObject = 07DBC02F2996950A00B42394 /* Project object */;
}
